
Microsoft Visual Studio Solution File, Format Version 12.00
# Visual Studio 14
VisualStudioVersion = 14.0.23107.0
MinimumVisualStudioVersion = 10.0.40219.1
Project("{FAE04EC0-301F-11D3-BF4B-00C04F79EFBC}") = "ssforms", "ssforms\ssforms\ssforms.csproj", "{223B5BDC-A0BE-4DAD-89FD-C5B518F9CC57}"
EndProject
Project("{FAE04EC0-301F-11D3-BF4B-00C04F79EFBC}") = "ssforms.iOS", "ssforms\ssforms.iOS\ssforms.iOS.csproj", "{8533A7A6-D1B0-46A5-8998-BD52828EE65D}"
EndProject
Project("{FAE04EC0-301F-11D3-BF4B-00C04F79EFBC}") = "ssforms.Droid", "ssforms\ssforms.Droid\ssforms.Droid.csproj", "{D47E9DF3-5719-4DAB-B6D0-98FD676FE135}"
EndProject
Project("{FAE04EC0-301F-11D3-BF4B-00C04F79EFBC}") = "ssforms.WinPhone", "ssforms\ssforms.WinPhone\ssforms.WinPhone.csproj", "{88DEF0B8-357B-4B20-B8D7-92AFB2B7422D}"
EndProject
Project("{FAE04EC0-301F-11D3-BF4B-00C04F79EFBC}") = "SelfHost", "SelfHost\SelfHost\SelfHost.csproj", "{CF36BF58-D08F-425A-9A6A-D0A86C506110}"
EndProject
Project("{FAE04EC0-301F-11D3-BF4B-00C04F79EFBC}") = "SelfHost.ServiceModel", "SelfHost\SelfHost.ServiceModel\SelfHost.ServiceModel.csproj", "{8D6DE92C-637E-4433-9810-98D7FBCEA6BA}"
EndProject
Project("{FAE04EC0-301F-11D3-BF4B-00C04F79EFBC}") = "SelfHost.ServiceInterface", "SelfHost\SelfHost.ServiceInterface\SelfHost.ServiceInterface.csproj", "{130DED02-5984-487C-93DD-0D264EED140E}"
EndProject
Project("{FAE04EC0-301F-11D3-BF4B-00C04F79EFBC}") = "SelfHost.Tests", "SelfHost\SelfHost.Tests\SelfHost.Tests.csproj", "{12B06E45-12F5-4E56-ADB4-5879D98D3105}"
EndProject
Global
	GlobalSection(SolutionConfigurationPlatforms) = preSolution
		Ad-Hoc|Any CPU = Ad-Hoc|Any CPU
		Ad-Hoc|ARM = Ad-Hoc|ARM
		Ad-Hoc|iPhone = Ad-Hoc|iPhone
		Ad-Hoc|iPhoneSimulator = Ad-Hoc|iPhoneSimulator
		Ad-Hoc|x86 = Ad-Hoc|x86
		AppStore|Any CPU = AppStore|Any CPU
		AppStore|ARM = AppStore|ARM
		AppStore|iPhone = AppStore|iPhone
		AppStore|iPhoneSimulator = AppStore|iPhoneSimulator
		AppStore|x86 = AppStore|x86
		Debug|Any CPU = Debug|Any CPU
		Debug|ARM = Debug|ARM
		Debug|iPhone = Debug|iPhone
		Debug|iPhoneSimulator = Debug|iPhoneSimulator
		Debug|x86 = Debug|x86
		Release|Any CPU = Release|Any CPU
		Release|ARM = Release|ARM
		Release|iPhone = Release|iPhone
		Release|iPhoneSimulator = Release|iPhoneSimulator
		Release|x86 = Release|x86
	EndGlobalSection
	GlobalSection(ProjectConfigurationPlatforms) = postSolution
		{223B5BDC-A0BE-4DAD-89FD-C5B518F9CC57}.Ad-Hoc|Any CPU.ActiveCfg = Release|Any CPU
		{223B5BDC-A0BE-4DAD-89FD-C5B518F9CC57}.Ad-Hoc|Any CPU.Build.0 = Release|Any CPU
		{223B5BDC-A0BE-4DAD-89FD-C5B518F9CC57}.Ad-Hoc|ARM.ActiveCfg = Release|Any CPU
		{223B5BDC-A0BE-4DAD-89FD-C5B518F9CC57}.Ad-Hoc|ARM.Build.0 = Release|Any CPU
		{223B5BDC-A0BE-4DAD-89FD-C5B518F9CC57}.Ad-Hoc|iPhone.ActiveCfg = Release|Any CPU
		{223B5BDC-A0BE-4DAD-89FD-C5B518F9CC57}.Ad-Hoc|iPhone.Build.0 = Release|Any CPU
		{223B5BDC-A0BE-4DAD-89FD-C5B518F9CC57}.Ad-Hoc|iPhoneSimulator.ActiveCfg = Release|Any CPU
		{223B5BDC-A0BE-4DAD-89FD-C5B518F9CC57}.Ad-Hoc|iPhoneSimulator.Build.0 = Release|Any CPU
		{223B5BDC-A0BE-4DAD-89FD-C5B518F9CC57}.Ad-Hoc|x86.ActiveCfg = Release|Any CPU
		{223B5BDC-A0BE-4DAD-89FD-C5B518F9CC57}.Ad-Hoc|x86.Build.0 = Release|Any CPU
		{223B5BDC-A0BE-4DAD-89FD-C5B518F9CC57}.AppStore|Any CPU.ActiveCfg = Release|Any CPU
		{223B5BDC-A0BE-4DAD-89FD-C5B518F9CC57}.AppStore|Any CPU.Build.0 = Release|Any CPU
		{223B5BDC-A0BE-4DAD-89FD-C5B518F9CC57}.AppStore|ARM.ActiveCfg = Release|Any CPU
		{223B5BDC-A0BE-4DAD-89FD-C5B518F9CC57}.AppStore|ARM.Build.0 = Release|Any CPU
		{223B5BDC-A0BE-4DAD-89FD-C5B518F9CC57}.AppStore|iPhone.ActiveCfg = Release|Any CPU
		{223B5BDC-A0BE-4DAD-89FD-C5B518F9CC57}.AppStore|iPhone.Build.0 = Release|Any CPU
		{223B5BDC-A0BE-4DAD-89FD-C5B518F9CC57}.AppStore|iPhoneSimulator.ActiveCfg = Release|Any CPU
		{223B5BDC-A0BE-4DAD-89FD-C5B518F9CC57}.AppStore|iPhoneSimulator.Build.0 = Release|Any CPU
		{223B5BDC-A0BE-4DAD-89FD-C5B518F9CC57}.AppStore|x86.ActiveCfg = Release|Any CPU
		{223B5BDC-A0BE-4DAD-89FD-C5B518F9CC57}.AppStore|x86.Build.0 = Release|Any CPU
		{223B5BDC-A0BE-4DAD-89FD-C5B518F9CC57}.Debug|Any CPU.ActiveCfg = Debug|Any CPU
		{223B5BDC-A0BE-4DAD-89FD-C5B518F9CC57}.Debug|Any CPU.Build.0 = Debug|Any CPU
		{223B5BDC-A0BE-4DAD-89FD-C5B518F9CC57}.Debug|ARM.ActiveCfg = Debug|Any CPU
		{223B5BDC-A0BE-4DAD-89FD-C5B518F9CC57}.Debug|ARM.Build.0 = Debug|Any CPU
		{223B5BDC-A0BE-4DAD-89FD-C5B518F9CC57}.Debug|iPhone.ActiveCfg = Debug|Any CPU
		{223B5BDC-A0BE-4DAD-89FD-C5B518F9CC57}.Debug|iPhone.Build.0 = Debug|Any CPU
		{223B5BDC-A0BE-4DAD-89FD-C5B518F9CC57}.Debug|iPhoneSimulator.ActiveCfg = Debug|Any CPU
		{223B5BDC-A0BE-4DAD-89FD-C5B518F9CC57}.Debug|iPhoneSimulator.Build.0 = Debug|Any CPU
		{223B5BDC-A0BE-4DAD-89FD-C5B518F9CC57}.Debug|x86.ActiveCfg = Debug|Any CPU
		{223B5BDC-A0BE-4DAD-89FD-C5B518F9CC57}.Debug|x86.Build.0 = Debug|Any CPU
		{223B5BDC-A0BE-4DAD-89FD-C5B518F9CC57}.Release|Any CPU.ActiveCfg = Release|Any CPU
		{223B5BDC-A0BE-4DAD-89FD-C5B518F9CC57}.Release|Any CPU.Build.0 = Release|Any CPU
		{223B5BDC-A0BE-4DAD-89FD-C5B518F9CC57}.Release|ARM.ActiveCfg = Release|Any CPU
		{223B5BDC-A0BE-4DAD-89FD-C5B518F9CC57}.Release|ARM.Build.0 = Release|Any CPU
		{223B5BDC-A0BE-4DAD-89FD-C5B518F9CC57}.Release|iPhone.ActiveCfg = Release|Any CPU
		{223B5BDC-A0BE-4DAD-89FD-C5B518F9CC57}.Release|iPhone.Build.0 = Release|Any CPU
		{223B5BDC-A0BE-4DAD-89FD-C5B518F9CC57}.Release|iPhoneSimulator.ActiveCfg = Release|Any CPU
		{223B5BDC-A0BE-4DAD-89FD-C5B518F9CC57}.Release|iPhoneSimulator.Build.0 = Release|Any CPU
		{223B5BDC-A0BE-4DAD-89FD-C5B518F9CC57}.Release|x86.ActiveCfg = Release|Any CPU
		{223B5BDC-A0BE-4DAD-89FD-C5B518F9CC57}.Release|x86.Build.0 = Release|Any CPU
		{8533A7A6-D1B0-46A5-8998-BD52828EE65D}.Ad-Hoc|Any CPU.ActiveCfg = Ad-Hoc|iPhone
		{8533A7A6-D1B0-46A5-8998-BD52828EE65D}.Ad-Hoc|ARM.ActiveCfg = Ad-Hoc|iPhone
		{8533A7A6-D1B0-46A5-8998-BD52828EE65D}.Ad-Hoc|iPhone.ActiveCfg = Ad-Hoc|iPhone
		{8533A7A6-D1B0-46A5-8998-BD52828EE65D}.Ad-Hoc|iPhone.Build.0 = Ad-Hoc|iPhone
		{8533A7A6-D1B0-46A5-8998-BD52828EE65D}.Ad-Hoc|iPhoneSimulator.ActiveCfg = Ad-Hoc|iPhoneSimulator
		{8533A7A6-D1B0-46A5-8998-BD52828EE65D}.Ad-Hoc|iPhoneSimulator.Build.0 = Ad-Hoc|iPhoneSimulator
		{8533A7A6-D1B0-46A5-8998-BD52828EE65D}.Ad-Hoc|x86.ActiveCfg = Ad-Hoc|iPhone
		{8533A7A6-D1B0-46A5-8998-BD52828EE65D}.AppStore|Any CPU.ActiveCfg = AppStore|iPhone
		{8533A7A6-D1B0-46A5-8998-BD52828EE65D}.AppStore|ARM.ActiveCfg = AppStore|iPhone
		{8533A7A6-D1B0-46A5-8998-BD52828EE65D}.AppStore|iPhone.ActiveCfg = AppStore|iPhone
		{8533A7A6-D1B0-46A5-8998-BD52828EE65D}.AppStore|iPhone.Build.0 = AppStore|iPhone
		{8533A7A6-D1B0-46A5-8998-BD52828EE65D}.AppStore|iPhoneSimulator.ActiveCfg = AppStore|iPhoneSimulator
		{8533A7A6-D1B0-46A5-8998-BD52828EE65D}.AppStore|iPhoneSimulator.Build.0 = AppStore|iPhoneSimulator
		{8533A7A6-D1B0-46A5-8998-BD52828EE65D}.AppStore|x86.ActiveCfg = AppStore|iPhone
		{8533A7A6-D1B0-46A5-8998-BD52828EE65D}.Debug|Any CPU.ActiveCfg = Debug|iPhone
		{8533A7A6-D1B0-46A5-8998-BD52828EE65D}.Debug|ARM.ActiveCfg = Debug|iPhone
		{8533A7A6-D1B0-46A5-8998-BD52828EE65D}.Debug|iPhone.ActiveCfg = Debug|iPhone
		{8533A7A6-D1B0-46A5-8998-BD52828EE65D}.Debug|iPhone.Build.0 = Debug|iPhone
		{8533A7A6-D1B0-46A5-8998-BD52828EE65D}.Debug|iPhoneSimulator.ActiveCfg = Debug|iPhoneSimulator
		{8533A7A6-D1B0-46A5-8998-BD52828EE65D}.Debug|iPhoneSimulator.Build.0 = Debug|iPhoneSimulator
		{8533A7A6-D1B0-46A5-8998-BD52828EE65D}.Debug|x86.ActiveCfg = Debug|iPhone
		{8533A7A6-D1B0-46A5-8998-BD52828EE65D}.Release|Any CPU.ActiveCfg = Release|iPhone
		{8533A7A6-D1B0-46A5-8998-BD52828EE65D}.Release|ARM.ActiveCfg = Release|iPhone
		{8533A7A6-D1B0-46A5-8998-BD52828EE65D}.Release|iPhone.ActiveCfg = Release|iPhone
		{8533A7A6-D1B0-46A5-8998-BD52828EE65D}.Release|iPhone.Build.0 = Release|iPhone
		{8533A7A6-D1B0-46A5-8998-BD52828EE65D}.Release|iPhoneSimulator.ActiveCfg = Release|iPhoneSimulator
		{8533A7A6-D1B0-46A5-8998-BD52828EE65D}.Release|iPhoneSimulator.Build.0 = Release|iPhoneSimulator
		{8533A7A6-D1B0-46A5-8998-BD52828EE65D}.Release|x86.ActiveCfg = Release|iPhone
		{D47E9DF3-5719-4DAB-B6D0-98FD676FE135}.Ad-Hoc|Any CPU.ActiveCfg = Release|Any CPU
		{D47E9DF3-5719-4DAB-B6D0-98FD676FE135}.Ad-Hoc|Any CPU.Build.0 = Release|Any CPU
		{D47E9DF3-5719-4DAB-B6D0-98FD676FE135}.Ad-Hoc|Any CPU.Deploy.0 = Release|Any CPU
		{D47E9DF3-5719-4DAB-B6D0-98FD676FE135}.Ad-Hoc|ARM.ActiveCfg = Release|Any CPU
		{D47E9DF3-5719-4DAB-B6D0-98FD676FE135}.Ad-Hoc|ARM.Build.0 = Release|Any CPU
		{D47E9DF3-5719-4DAB-B6D0-98FD676FE135}.Ad-Hoc|ARM.Deploy.0 = Release|Any CPU
		{D47E9DF3-5719-4DAB-B6D0-98FD676FE135}.Ad-Hoc|iPhone.ActiveCfg = Release|Any CPU
		{D47E9DF3-5719-4DAB-B6D0-98FD676FE135}.Ad-Hoc|iPhone.Build.0 = Release|Any CPU
		{D47E9DF3-5719-4DAB-B6D0-98FD676FE135}.Ad-Hoc|iPhone.Deploy.0 = Release|Any CPU
		{D47E9DF3-5719-4DAB-B6D0-98FD676FE135}.Ad-Hoc|iPhoneSimulator.ActiveCfg = Release|Any CPU
		{D47E9DF3-5719-4DAB-B6D0-98FD676FE135}.Ad-Hoc|iPhoneSimulator.Build.0 = Release|Any CPU
		{D47E9DF3-5719-4DAB-B6D0-98FD676FE135}.Ad-Hoc|iPhoneSimulator.Deploy.0 = Release|Any CPU
		{D47E9DF3-5719-4DAB-B6D0-98FD676FE135}.Ad-Hoc|x86.ActiveCfg = Release|Any CPU
		{D47E9DF3-5719-4DAB-B6D0-98FD676FE135}.Ad-Hoc|x86.Build.0 = Release|Any CPU
		{D47E9DF3-5719-4DAB-B6D0-98FD676FE135}.Ad-Hoc|x86.Deploy.0 = Release|Any CPU
		{D47E9DF3-5719-4DAB-B6D0-98FD676FE135}.AppStore|Any CPU.ActiveCfg = Release|Any CPU
		{D47E9DF3-5719-4DAB-B6D0-98FD676FE135}.AppStore|Any CPU.Build.0 = Release|Any CPU
		{D47E9DF3-5719-4DAB-B6D0-98FD676FE135}.AppStore|Any CPU.Deploy.0 = Release|Any CPU
		{D47E9DF3-5719-4DAB-B6D0-98FD676FE135}.AppStore|ARM.ActiveCfg = Release|Any CPU
		{D47E9DF3-5719-4DAB-B6D0-98FD676FE135}.AppStore|ARM.Build.0 = Release|Any CPU
		{D47E9DF3-5719-4DAB-B6D0-98FD676FE135}.AppStore|ARM.Deploy.0 = Release|Any CPU
		{D47E9DF3-5719-4DAB-B6D0-98FD676FE135}.AppStore|iPhone.ActiveCfg = Release|Any CPU
		{D47E9DF3-5719-4DAB-B6D0-98FD676FE135}.AppStore|iPhone.Build.0 = Release|Any CPU
		{D47E9DF3-5719-4DAB-B6D0-98FD676FE135}.AppStore|iPhone.Deploy.0 = Release|Any CPU
		{D47E9DF3-5719-4DAB-B6D0-98FD676FE135}.AppStore|iPhoneSimulator.ActiveCfg = Release|Any CPU
		{D47E9DF3-5719-4DAB-B6D0-98FD676FE135}.AppStore|iPhoneSimulator.Build.0 = Release|Any CPU
		{D47E9DF3-5719-4DAB-B6D0-98FD676FE135}.AppStore|iPhoneSimulator.Deploy.0 = Release|Any CPU
		{D47E9DF3-5719-4DAB-B6D0-98FD676FE135}.AppStore|x86.ActiveCfg = Release|Any CPU
		{D47E9DF3-5719-4DAB-B6D0-98FD676FE135}.AppStore|x86.Build.0 = Release|Any CPU
		{D47E9DF3-5719-4DAB-B6D0-98FD676FE135}.AppStore|x86.Deploy.0 = Release|Any CPU
		{D47E9DF3-5719-4DAB-B6D0-98FD676FE135}.Debug|Any CPU.ActiveCfg = Debug|Any CPU
		{D47E9DF3-5719-4DAB-B6D0-98FD676FE135}.Debug|Any CPU.Build.0 = Debug|Any CPU
		{D47E9DF3-5719-4DAB-B6D0-98FD676FE135}.Debug|Any CPU.Deploy.0 = Debug|Any CPU
		{D47E9DF3-5719-4DAB-B6D0-98FD676FE135}.Debug|ARM.ActiveCfg = Debug|Any CPU
		{D47E9DF3-5719-4DAB-B6D0-98FD676FE135}.Debug|ARM.Build.0 = Debug|Any CPU
		{D47E9DF3-5719-4DAB-B6D0-98FD676FE135}.Debug|ARM.Deploy.0 = Debug|Any CPU
		{D47E9DF3-5719-4DAB-B6D0-98FD676FE135}.Debug|iPhone.ActiveCfg = Debug|Any CPU
		{D47E9DF3-5719-4DAB-B6D0-98FD676FE135}.Debug|iPhone.Build.0 = Debug|Any CPU
		{D47E9DF3-5719-4DAB-B6D0-98FD676FE135}.Debug|iPhone.Deploy.0 = Debug|Any CPU
		{D47E9DF3-5719-4DAB-B6D0-98FD676FE135}.Debug|iPhoneSimulator.ActiveCfg = Debug|Any CPU
		{D47E9DF3-5719-4DAB-B6D0-98FD676FE135}.Debug|iPhoneSimulator.Build.0 = Debug|Any CPU
		{D47E9DF3-5719-4DAB-B6D0-98FD676FE135}.Debug|iPhoneSimulator.Deploy.0 = Debug|Any CPU
		{D47E9DF3-5719-4DAB-B6D0-98FD676FE135}.Debug|x86.ActiveCfg = Debug|Any CPU
		{D47E9DF3-5719-4DAB-B6D0-98FD676FE135}.Debug|x86.Build.0 = Debug|Any CPU
		{D47E9DF3-5719-4DAB-B6D0-98FD676FE135}.Debug|x86.Deploy.0 = Debug|Any CPU
		{D47E9DF3-5719-4DAB-B6D0-98FD676FE135}.Release|Any CPU.ActiveCfg = Release|Any CPU
		{D47E9DF3-5719-4DAB-B6D0-98FD676FE135}.Release|Any CPU.Build.0 = Release|Any CPU
		{D47E9DF3-5719-4DAB-B6D0-98FD676FE135}.Release|Any CPU.Deploy.0 = Release|Any CPU
		{D47E9DF3-5719-4DAB-B6D0-98FD676FE135}.Release|ARM.ActiveCfg = Release|Any CPU
		{D47E9DF3-5719-4DAB-B6D0-98FD676FE135}.Release|ARM.Build.0 = Release|Any CPU
		{D47E9DF3-5719-4DAB-B6D0-98FD676FE135}.Release|ARM.Deploy.0 = Release|Any CPU
		{D47E9DF3-5719-4DAB-B6D0-98FD676FE135}.Release|iPhone.ActiveCfg = Release|Any CPU
		{D47E9DF3-5719-4DAB-B6D0-98FD676FE135}.Release|iPhone.Build.0 = Release|Any CPU
		{D47E9DF3-5719-4DAB-B6D0-98FD676FE135}.Release|iPhone.Deploy.0 = Release|Any CPU
		{D47E9DF3-5719-4DAB-B6D0-98FD676FE135}.Release|iPhoneSimulator.ActiveCfg = Release|Any CPU
		{D47E9DF3-5719-4DAB-B6D0-98FD676FE135}.Release|iPhoneSimulator.Build.0 = Release|Any CPU
		{D47E9DF3-5719-4DAB-B6D0-98FD676FE135}.Release|iPhoneSimulator.Deploy.0 = Release|Any CPU
		{D47E9DF3-5719-4DAB-B6D0-98FD676FE135}.Release|x86.ActiveCfg = Release|Any CPU
		{D47E9DF3-5719-4DAB-B6D0-98FD676FE135}.Release|x86.Build.0 = Release|Any CPU
		{D47E9DF3-5719-4DAB-B6D0-98FD676FE135}.Release|x86.Deploy.0 = Release|Any CPU
		{88DEF0B8-357B-4B20-B8D7-92AFB2B7422D}.Ad-Hoc|Any CPU.ActiveCfg = Release|Any CPU
		{88DEF0B8-357B-4B20-B8D7-92AFB2B7422D}.Ad-Hoc|Any CPU.Build.0 = Release|Any CPU
		{88DEF0B8-357B-4B20-B8D7-92AFB2B7422D}.Ad-Hoc|Any CPU.Deploy.0 = Release|Any CPU
		{88DEF0B8-357B-4B20-B8D7-92AFB2B7422D}.Ad-Hoc|ARM.ActiveCfg = Release|ARM
		{88DEF0B8-357B-4B20-B8D7-92AFB2B7422D}.Ad-Hoc|ARM.Build.0 = Release|ARM
		{88DEF0B8-357B-4B20-B8D7-92AFB2B7422D}.Ad-Hoc|ARM.Deploy.0 = Release|ARM
		{88DEF0B8-357B-4B20-B8D7-92AFB2B7422D}.Ad-Hoc|iPhone.ActiveCfg = Release|Any CPU
		{88DEF0B8-357B-4B20-B8D7-92AFB2B7422D}.Ad-Hoc|iPhone.Build.0 = Release|Any CPU
		{88DEF0B8-357B-4B20-B8D7-92AFB2B7422D}.Ad-Hoc|iPhone.Deploy.0 = Release|Any CPU
		{88DEF0B8-357B-4B20-B8D7-92AFB2B7422D}.Ad-Hoc|iPhoneSimulator.ActiveCfg = Release|Any CPU
		{88DEF0B8-357B-4B20-B8D7-92AFB2B7422D}.Ad-Hoc|iPhoneSimulator.Build.0 = Release|Any CPU
		{88DEF0B8-357B-4B20-B8D7-92AFB2B7422D}.Ad-Hoc|iPhoneSimulator.Deploy.0 = Release|Any CPU
		{88DEF0B8-357B-4B20-B8D7-92AFB2B7422D}.Ad-Hoc|x86.ActiveCfg = Release|x86
		{88DEF0B8-357B-4B20-B8D7-92AFB2B7422D}.Ad-Hoc|x86.Build.0 = Release|x86
		{88DEF0B8-357B-4B20-B8D7-92AFB2B7422D}.Ad-Hoc|x86.Deploy.0 = Release|x86
		{88DEF0B8-357B-4B20-B8D7-92AFB2B7422D}.AppStore|Any CPU.ActiveCfg = Release|Any CPU
		{88DEF0B8-357B-4B20-B8D7-92AFB2B7422D}.AppStore|Any CPU.Build.0 = Release|Any CPU
		{88DEF0B8-357B-4B20-B8D7-92AFB2B7422D}.AppStore|Any CPU.Deploy.0 = Release|Any CPU
		{88DEF0B8-357B-4B20-B8D7-92AFB2B7422D}.AppStore|ARM.ActiveCfg = Release|ARM
		{88DEF0B8-357B-4B20-B8D7-92AFB2B7422D}.AppStore|ARM.Build.0 = Release|ARM
		{88DEF0B8-357B-4B20-B8D7-92AFB2B7422D}.AppStore|ARM.Deploy.0 = Release|ARM
		{88DEF0B8-357B-4B20-B8D7-92AFB2B7422D}.AppStore|iPhone.ActiveCfg = Release|Any CPU
		{88DEF0B8-357B-4B20-B8D7-92AFB2B7422D}.AppStore|iPhone.Build.0 = Release|Any CPU
		{88DEF0B8-357B-4B20-B8D7-92AFB2B7422D}.AppStore|iPhone.Deploy.0 = Release|Any CPU
		{88DEF0B8-357B-4B20-B8D7-92AFB2B7422D}.AppStore|iPhoneSimulator.ActiveCfg = Release|Any CPU
		{88DEF0B8-357B-4B20-B8D7-92AFB2B7422D}.AppStore|iPhoneSimulator.Build.0 = Release|Any CPU
		{88DEF0B8-357B-4B20-B8D7-92AFB2B7422D}.AppStore|iPhoneSimulator.Deploy.0 = Release|Any CPU
		{88DEF0B8-357B-4B20-B8D7-92AFB2B7422D}.AppStore|x86.ActiveCfg = Release|x86
		{88DEF0B8-357B-4B20-B8D7-92AFB2B7422D}.AppStore|x86.Build.0 = Release|x86
		{88DEF0B8-357B-4B20-B8D7-92AFB2B7422D}.AppStore|x86.Deploy.0 = Release|x86
		{88DEF0B8-357B-4B20-B8D7-92AFB2B7422D}.Debug|Any CPU.ActiveCfg = Debug|Any CPU
		{88DEF0B8-357B-4B20-B8D7-92AFB2B7422D}.Debug|Any CPU.Build.0 = Debug|Any CPU
		{88DEF0B8-357B-4B20-B8D7-92AFB2B7422D}.Debug|Any CPU.Deploy.0 = Debug|Any CPU
		{88DEF0B8-357B-4B20-B8D7-92AFB2B7422D}.Debug|ARM.ActiveCfg = Debug|ARM
		{88DEF0B8-357B-4B20-B8D7-92AFB2B7422D}.Debug|ARM.Build.0 = Debug|ARM
		{88DEF0B8-357B-4B20-B8D7-92AFB2B7422D}.Debug|ARM.Deploy.0 = Debug|ARM
		{88DEF0B8-357B-4B20-B8D7-92AFB2B7422D}.Debug|iPhone.ActiveCfg = Debug|Any CPU
		{88DEF0B8-357B-4B20-B8D7-92AFB2B7422D}.Debug|iPhone.Build.0 = Debug|Any CPU
		{88DEF0B8-357B-4B20-B8D7-92AFB2B7422D}.Debug|iPhone.Deploy.0 = Debug|Any CPU
		{88DEF0B8-357B-4B20-B8D7-92AFB2B7422D}.Debug|iPhoneSimulator.ActiveCfg = Debug|Any CPU
		{88DEF0B8-357B-4B20-B8D7-92AFB2B7422D}.Debug|iPhoneSimulator.Build.0 = Debug|Any CPU
		{88DEF0B8-357B-4B20-B8D7-92AFB2B7422D}.Debug|iPhoneSimulator.Deploy.0 = Debug|Any CPU
		{88DEF0B8-357B-4B20-B8D7-92AFB2B7422D}.Debug|x86.ActiveCfg = Debug|x86
		{88DEF0B8-357B-4B20-B8D7-92AFB2B7422D}.Debug|x86.Build.0 = Debug|x86
		{88DEF0B8-357B-4B20-B8D7-92AFB2B7422D}.Debug|x86.Deploy.0 = Debug|x86
		{88DEF0B8-357B-4B20-B8D7-92AFB2B7422D}.Release|Any CPU.ActiveCfg = Release|Any CPU
		{88DEF0B8-357B-4B20-B8D7-92AFB2B7422D}.Release|Any CPU.Build.0 = Release|Any CPU
		{88DEF0B8-357B-4B20-B8D7-92AFB2B7422D}.Release|Any CPU.Deploy.0 = Release|Any CPU
		{88DEF0B8-357B-4B20-B8D7-92AFB2B7422D}.Release|ARM.ActiveCfg = Release|ARM
		{88DEF0B8-357B-4B20-B8D7-92AFB2B7422D}.Release|ARM.Build.0 = Release|ARM
		{88DEF0B8-357B-4B20-B8D7-92AFB2B7422D}.Release|ARM.Deploy.0 = Release|ARM
		{88DEF0B8-357B-4B20-B8D7-92AFB2B7422D}.Release|iPhone.ActiveCfg = Release|Any CPU
		{88DEF0B8-357B-4B20-B8D7-92AFB2B7422D}.Release|iPhone.Build.0 = Release|Any CPU
		{88DEF0B8-357B-4B20-B8D7-92AFB2B7422D}.Release|iPhone.Deploy.0 = Release|Any CPU
		{88DEF0B8-357B-4B20-B8D7-92AFB2B7422D}.Release|iPhoneSimulator.ActiveCfg = Release|Any CPU
		{88DEF0B8-357B-4B20-B8D7-92AFB2B7422D}.Release|iPhoneSimulator.Build.0 = Release|Any CPU
		{88DEF0B8-357B-4B20-B8D7-92AFB2B7422D}.Release|iPhoneSimulator.Deploy.0 = Release|Any CPU
		{88DEF0B8-357B-4B20-B8D7-92AFB2B7422D}.Release|x86.ActiveCfg = Release|x86
		{88DEF0B8-357B-4B20-B8D7-92AFB2B7422D}.Release|x86.Build.0 = Release|x86
		{88DEF0B8-357B-4B20-B8D7-92AFB2B7422D}.Release|x86.Deploy.0 = Release|x86
		{CF36BF58-D08F-425A-9A6A-D0A86C506110}.Ad-Hoc|Any CPU.ActiveCfg = Release|Any CPU
		{CF36BF58-D08F-425A-9A6A-D0A86C506110}.Ad-Hoc|Any CPU.Build.0 = Release|Any CPU
		{CF36BF58-D08F-425A-9A6A-D0A86C506110}.Ad-Hoc|ARM.ActiveCfg = Release|Any CPU
		{CF36BF58-D08F-425A-9A6A-D0A86C506110}.Ad-Hoc|ARM.Build.0 = Release|Any CPU
		{CF36BF58-D08F-425A-9A6A-D0A86C506110}.Ad-Hoc|iPhone.ActiveCfg = Release|Any CPU
		{CF36BF58-D08F-425A-9A6A-D0A86C506110}.Ad-Hoc|iPhone.Build.0 = Release|Any CPU
		{CF36BF58-D08F-425A-9A6A-D0A86C506110}.Ad-Hoc|iPhoneSimulator.ActiveCfg = Release|Any CPU
		{CF36BF58-D08F-425A-9A6A-D0A86C506110}.Ad-Hoc|iPhoneSimulator.Build.0 = Release|Any CPU
		{CF36BF58-D08F-425A-9A6A-D0A86C506110}.Ad-Hoc|x86.ActiveCfg = Release|Any CPU
		{CF36BF58-D08F-425A-9A6A-D0A86C506110}.Ad-Hoc|x86.Build.0 = Release|Any CPU
		{CF36BF58-D08F-425A-9A6A-D0A86C506110}.AppStore|Any CPU.ActiveCfg = Release|Any CPU
		{CF36BF58-D08F-425A-9A6A-D0A86C506110}.AppStore|Any CPU.Build.0 = Release|Any CPU
		{CF36BF58-D08F-425A-9A6A-D0A86C506110}.AppStore|ARM.ActiveCfg = Release|Any CPU
		{CF36BF58-D08F-425A-9A6A-D0A86C506110}.AppStore|ARM.Build.0 = Release|Any CPU
		{CF36BF58-D08F-425A-9A6A-D0A86C506110}.AppStore|iPhone.ActiveCfg = Release|Any CPU
		{CF36BF58-D08F-425A-9A6A-D0A86C506110}.AppStore|iPhone.Build.0 = Release|Any CPU
		{CF36BF58-D08F-425A-9A6A-D0A86C506110}.AppStore|iPhoneSimulator.ActiveCfg = Release|Any CPU
		{CF36BF58-D08F-425A-9A6A-D0A86C506110}.AppStore|iPhoneSimulator.Build.0 = Release|Any CPU
		{CF36BF58-D08F-425A-9A6A-D0A86C506110}.AppStore|x86.ActiveCfg = Release|Any CPU
		{CF36BF58-D08F-425A-9A6A-D0A86C506110}.AppStore|x86.Build.0 = Release|Any CPU
		{CF36BF58-D08F-425A-9A6A-D0A86C506110}.Debug|Any CPU.ActiveCfg = Debug|Any CPU
		{CF36BF58-D08F-425A-9A6A-D0A86C506110}.Debug|Any CPU.Build.0 = Debug|Any CPU
		{CF36BF58-D08F-425A-9A6A-D0A86C506110}.Debug|ARM.ActiveCfg = Debug|Any CPU
		{CF36BF58-D08F-425A-9A6A-D0A86C506110}.Debug|ARM.Build.0 = Debug|Any CPU
		{CF36BF58-D08F-425A-9A6A-D0A86C506110}.Debug|iPhone.ActiveCfg = Debug|Any CPU
		{CF36BF58-D08F-425A-9A6A-D0A86C506110}.Debug|iPhone.Build.0 = Debug|Any CPU
		{CF36BF58-D08F-425A-9A6A-D0A86C506110}.Debug|iPhoneSimulator.ActiveCfg = Debug|Any CPU
		{CF36BF58-D08F-425A-9A6A-D0A86C506110}.Debug|iPhoneSimulator.Build.0 = Debug|Any CPU
		{CF36BF58-D08F-425A-9A6A-D0A86C506110}.Debug|x86.ActiveCfg = Debug|Any CPU
		{CF36BF58-D08F-425A-9A6A-D0A86C506110}.Debug|x86.Build.0 = Debug|Any CPU
		{CF36BF58-D08F-425A-9A6A-D0A86C506110}.Release|Any CPU.ActiveCfg = Release|Any CPU
		{CF36BF58-D08F-425A-9A6A-D0A86C506110}.Release|Any CPU.Build.0 = Release|Any CPU
		{CF36BF58-D08F-425A-9A6A-D0A86C506110}.Release|ARM.ActiveCfg = Release|Any CPU
		{CF36BF58-D08F-425A-9A6A-D0A86C506110}.Release|ARM.Build.0 = Release|Any CPU
		{CF36BF58-D08F-425A-9A6A-D0A86C506110}.Release|iPhone.ActiveCfg = Release|Any CPU
		{CF36BF58-D08F-425A-9A6A-D0A86C506110}.Release|iPhone.Build.0 = Release|Any CPU
		{CF36BF58-D08F-425A-9A6A-D0A86C506110}.Release|iPhoneSimulator.ActiveCfg = Release|Any CPU
		{CF36BF58-D08F-425A-9A6A-D0A86C506110}.Release|iPhoneSimulator.Build.0 = Release|Any CPU
		{CF36BF58-D08F-425A-9A6A-D0A86C506110}.Release|x86.ActiveCfg = Release|Any CPU
		{CF36BF58-D08F-425A-9A6A-D0A86C506110}.Release|x86.Build.0 = Release|Any CPU
		{8D6DE92C-637E-4433-9810-98D7FBCEA6BA}.Ad-Hoc|Any CPU.ActiveCfg = Release|Any CPU
		{8D6DE92C-637E-4433-9810-98D7FBCEA6BA}.Ad-Hoc|Any CPU.Build.0 = Release|Any CPU
		{8D6DE92C-637E-4433-9810-98D7FBCEA6BA}.Ad-Hoc|ARM.ActiveCfg = Release|Any CPU
		{8D6DE92C-637E-4433-9810-98D7FBCEA6BA}.Ad-Hoc|ARM.Build.0 = Release|Any CPU
		{8D6DE92C-637E-4433-9810-98D7FBCEA6BA}.Ad-Hoc|iPhone.ActiveCfg = Release|Any CPU
		{8D6DE92C-637E-4433-9810-98D7FBCEA6BA}.Ad-Hoc|iPhone.Build.0 = Release|Any CPU
		{8D6DE92C-637E-4433-9810-98D7FBCEA6BA}.Ad-Hoc|iPhoneSimulator.ActiveCfg = Release|Any CPU
		{8D6DE92C-637E-4433-9810-98D7FBCEA6BA}.Ad-Hoc|iPhoneSimulator.Build.0 = Release|Any CPU
		{8D6DE92C-637E-4433-9810-98D7FBCEA6BA}.Ad-Hoc|x86.ActiveCfg = Release|Any CPU
		{8D6DE92C-637E-4433-9810-98D7FBCEA6BA}.Ad-Hoc|x86.Build.0 = Release|Any CPU
		{8D6DE92C-637E-4433-9810-98D7FBCEA6BA}.AppStore|Any CPU.ActiveCfg = Release|Any CPU
		{8D6DE92C-637E-4433-9810-98D7FBCEA6BA}.AppStore|Any CPU.Build.0 = Release|Any CPU
		{8D6DE92C-637E-4433-9810-98D7FBCEA6BA}.AppStore|ARM.ActiveCfg = Release|Any CPU
		{8D6DE92C-637E-4433-9810-98D7FBCEA6BA}.AppStore|ARM.Build.0 = Release|Any CPU
		{8D6DE92C-637E-4433-9810-98D7FBCEA6BA}.AppStore|iPhone.ActiveCfg = Release|Any CPU
		{8D6DE92C-637E-4433-9810-98D7FBCEA6BA}.AppStore|iPhone.Build.0 = Release|Any CPU
		{8D6DE92C-637E-4433-9810-98D7FBCEA6BA}.AppStore|iPhoneSimulator.ActiveCfg = Release|Any CPU
		{8D6DE92C-637E-4433-9810-98D7FBCEA6BA}.AppStore|iPhoneSimulator.Build.0 = Release|Any CPU
		{8D6DE92C-637E-4433-9810-98D7FBCEA6BA}.AppStore|x86.ActiveCfg = Release|Any CPU
		{8D6DE92C-637E-4433-9810-98D7FBCEA6BA}.AppStore|x86.Build.0 = Release|Any CPU
		{8D6DE92C-637E-4433-9810-98D7FBCEA6BA}.Debug|Any CPU.ActiveCfg = Debug|Any CPU
		{8D6DE92C-637E-4433-9810-98D7FBCEA6BA}.Debug|Any CPU.Build.0 = Debug|Any CPU
		{8D6DE92C-637E-4433-9810-98D7FBCEA6BA}.Debug|ARM.ActiveCfg = Debug|Any CPU
		{8D6DE92C-637E-4433-9810-98D7FBCEA6BA}.Debug|ARM.Build.0 = Debug|Any CPU
		{8D6DE92C-637E-4433-9810-98D7FBCEA6BA}.Debug|iPhone.ActiveCfg = Debug|Any CPU
		{8D6DE92C-637E-4433-9810-98D7FBCEA6BA}.Debug|iPhone.Build.0 = Debug|Any CPU
		{8D6DE92C-637E-4433-9810-98D7FBCEA6BA}.Debug|iPhoneSimulator.ActiveCfg = Debug|Any CPU
		{8D6DE92C-637E-4433-9810-98D7FBCEA6BA}.Debug|iPhoneSimulator.Build.0 = Debug|Any CPU
		{8D6DE92C-637E-4433-9810-98D7FBCEA6BA}.Debug|x86.ActiveCfg = Debug|Any CPU
		{8D6DE92C-637E-4433-9810-98D7FBCEA6BA}.Debug|x86.Build.0 = Debug|Any CPU
		{8D6DE92C-637E-4433-9810-98D7FBCEA6BA}.Release|Any CPU.ActiveCfg = Release|Any CPU
		{8D6DE92C-637E-4433-9810-98D7FBCEA6BA}.Release|Any CPU.Build.0 = Release|Any CPU
		{8D6DE92C-637E-4433-9810-98D7FBCEA6BA}.Release|ARM.ActiveCfg = Release|Any CPU
		{8D6DE92C-637E-4433-9810-98D7FBCEA6BA}.Release|ARM.Build.0 = Release|Any CPU
		{8D6DE92C-637E-4433-9810-98D7FBCEA6BA}.Release|iPhone.ActiveCfg = Release|Any CPU
		{8D6DE92C-637E-4433-9810-98D7FBCEA6BA}.Release|iPhone.Build.0 = Release|Any CPU
		{8D6DE92C-637E-4433-9810-98D7FBCEA6BA}.Release|iPhoneSimulator.ActiveCfg = Release|Any CPU
		{8D6DE92C-637E-4433-9810-98D7FBCEA6BA}.Release|iPhoneSimulator.Build.0 = Release|Any CPU
		{8D6DE92C-637E-4433-9810-98D7FBCEA6BA}.Release|x86.ActiveCfg = Release|Any CPU
		{8D6DE92C-637E-4433-9810-98D7FBCEA6BA}.Release|x86.Build.0 = Release|Any CPU
		{130DED02-5984-487C-93DD-0D264EED140E}.Ad-Hoc|Any CPU.ActiveCfg = Release|Any CPU
		{130DED02-5984-487C-93DD-0D264EED140E}.Ad-Hoc|Any CPU.Build.0 = Release|Any CPU
		{130DED02-5984-487C-93DD-0D264EED140E}.Ad-Hoc|ARM.ActiveCfg = Release|Any CPU
		{130DED02-5984-487C-93DD-0D264EED140E}.Ad-Hoc|ARM.Build.0 = Release|Any CPU
		{130DED02-5984-487C-93DD-0D264EED140E}.Ad-Hoc|iPhone.ActiveCfg = Release|Any CPU
		{130DED02-5984-487C-93DD-0D264EED140E}.Ad-Hoc|iPhone.Build.0 = Release|Any CPU
		{130DED02-5984-487C-93DD-0D264EED140E}.Ad-Hoc|iPhoneSimulator.ActiveCfg = Release|Any CPU
		{130DED02-5984-487C-93DD-0D264EED140E}.Ad-Hoc|iPhoneSimulator.Build.0 = Release|Any CPU
		{130DED02-5984-487C-93DD-0D264EED140E}.Ad-Hoc|x86.ActiveCfg = Release|Any CPU
		{130DED02-5984-487C-93DD-0D264EED140E}.Ad-Hoc|x86.Build.0 = Release|Any CPU
		{130DED02-5984-487C-93DD-0D264EED140E}.AppStore|Any CPU.ActiveCfg = Release|Any CPU
		{130DED02-5984-487C-93DD-0D264EED140E}.AppStore|Any CPU.Build.0 = Release|Any CPU
		{130DED02-5984-487C-93DD-0D264EED140E}.AppStore|ARM.ActiveCfg = Release|Any CPU
		{130DED02-5984-487C-93DD-0D264EED140E}.AppStore|ARM.Build.0 = Release|Any CPU
		{130DED02-5984-487C-93DD-0D264EED140E}.AppStore|iPhone.ActiveCfg = Release|Any CPU
		{130DED02-5984-487C-93DD-0D264EED140E}.AppStore|iPhone.Build.0 = Release|Any CPU
		{130DED02-5984-487C-93DD-0D264EED140E}.AppStore|iPhoneSimulator.ActiveCfg = Release|Any CPU
		{130DED02-5984-487C-93DD-0D264EED140E}.AppStore|iPhoneSimulator.Build.0 = Release|Any CPU
		{130DED02-5984-487C-93DD-0D264EED140E}.AppStore|x86.ActiveCfg = Release|Any CPU
		{130DED02-5984-487C-93DD-0D264EED140E}.AppStore|x86.Build.0 = Release|Any CPU
		{130DED02-5984-487C-93DD-0D264EED140E}.Debug|Any CPU.ActiveCfg = Debug|Any CPU
		{130DED02-5984-487C-93DD-0D264EED140E}.Debug|Any CPU.Build.0 = Debug|Any CPU
		{130DED02-5984-487C-93DD-0D264EED140E}.Debug|ARM.ActiveCfg = Debug|Any CPU
		{130DED02-5984-487C-93DD-0D264EED140E}.Debug|ARM.Build.0 = Debug|Any CPU
		{130DED02-5984-487C-93DD-0D264EED140E}.Debug|iPhone.ActiveCfg = Debug|Any CPU
		{130DED02-5984-487C-93DD-0D264EED140E}.Debug|iPhone.Build.0 = Debug|Any CPU
		{130DED02-5984-487C-93DD-0D264EED140E}.Debug|iPhoneSimulator.ActiveCfg = Debug|Any CPU
		{130DED02-5984-487C-93DD-0D264EED140E}.Debug|iPhoneSimulator.Build.0 = Debug|Any CPU
		{130DED02-5984-487C-93DD-0D264EED140E}.Debug|x86.ActiveCfg = Debug|Any CPU
		{130DED02-5984-487C-93DD-0D264EED140E}.Debug|x86.Build.0 = Debug|Any CPU
		{130DED02-5984-487C-93DD-0D264EED140E}.Release|Any CPU.ActiveCfg = Release|Any CPU
		{130DED02-5984-487C-93DD-0D264EED140E}.Release|Any CPU.Build.0 = Release|Any CPU
		{130DED02-5984-487C-93DD-0D264EED140E}.Release|ARM.ActiveCfg = Release|Any CPU
		{130DED02-5984-487C-93DD-0D264EED140E}.Release|ARM.Build.0 = Release|Any CPU
		{130DED02-5984-487C-93DD-0D264EED140E}.Release|iPhone.ActiveCfg = Release|Any CPU
		{130DED02-5984-487C-93DD-0D264EED140E}.Release|iPhone.Build.0 = Release|Any CPU
		{130DED02-5984-487C-93DD-0D264EED140E}.Release|iPhoneSimulator.ActiveCfg = Release|Any CPU
		{130DED02-5984-487C-93DD-0D264EED140E}.Release|iPhoneSimulator.Build.0 = Release|Any CPU
		{130DED02-5984-487C-93DD-0D264EED140E}.Release|x86.ActiveCfg = Release|Any CPU
		{130DED02-5984-487C-93DD-0D264EED140E}.Release|x86.Build.0 = Release|Any CPU
		{12B06E45-12F5-4E56-ADB4-5879D98D3105}.Ad-Hoc|Any CPU.ActiveCfg = Release|Any CPU
		{12B06E45-12F5-4E56-ADB4-5879D98D3105}.Ad-Hoc|Any CPU.Build.0 = Release|Any CPU
		{12B06E45-12F5-4E56-ADB4-5879D98D3105}.Ad-Hoc|ARM.ActiveCfg = Release|Any CPU
		{12B06E45-12F5-4E56-ADB4-5879D98D3105}.Ad-Hoc|ARM.Build.0 = Release|Any CPU
		{12B06E45-12F5-4E56-ADB4-5879D98D3105}.Ad-Hoc|iPhone.ActiveCfg = Release|Any CPU
		{12B06E45-12F5-4E56-ADB4-5879D98D3105}.Ad-Hoc|iPhone.Build.0 = Release|Any CPU
		{12B06E45-12F5-4E56-ADB4-5879D98D3105}.Ad-Hoc|iPhoneSimulator.ActiveCfg = Release|Any CPU
		{12B06E45-12F5-4E56-ADB4-5879D98D3105}.Ad-Hoc|iPhoneSimulator.Build.0 = Release|Any CPU
		{12B06E45-12F5-4E56-ADB4-5879D98D3105}.Ad-Hoc|x86.ActiveCfg = Release|Any CPU
		{12B06E45-12F5-4E56-ADB4-5879D98D3105}.Ad-Hoc|x86.Build.0 = Release|Any CPU
		{12B06E45-12F5-4E56-ADB4-5879D98D3105}.AppStore|Any CPU.ActiveCfg = Release|Any CPU
		{12B06E45-12F5-4E56-ADB4-5879D98D3105}.AppStore|Any CPU.Build.0 = Release|Any CPU
		{12B06E45-12F5-4E56-ADB4-5879D98D3105}.AppStore|ARM.ActiveCfg = Release|Any CPU
		{12B06E45-12F5-4E56-ADB4-5879D98D3105}.AppStore|ARM.Build.0 = Release|Any CPU
		{12B06E45-12F5-4E56-ADB4-5879D98D3105}.AppStore|iPhone.ActiveCfg = Release|Any CPU
		{12B06E45-12F5-4E56-ADB4-5879D98D3105}.AppStore|iPhone.Build.0 = Release|Any CPU
		{12B06E45-12F5-4E56-ADB4-5879D98D3105}.AppStore|iPhoneSimulator.ActiveCfg = Release|Any CPU
		{12B06E45-12F5-4E56-ADB4-5879D98D3105}.AppStore|iPhoneSimulator.Build.0 = Release|Any CPU
		{12B06E45-12F5-4E56-ADB4-5879D98D3105}.AppStore|x86.ActiveCfg = Release|Any CPU
		{12B06E45-12F5-4E56-ADB4-5879D98D3105}.AppStore|x86.Build.0 = Release|Any CPU
		{12B06E45-12F5-4E56-ADB4-5879D98D3105}.Debug|Any CPU.ActiveCfg = Debug|Any CPU
		{12B06E45-12F5-4E56-ADB4-5879D98D3105}.Debug|Any CPU.Build.0 = Debug|Any CPU
		{12B06E45-12F5-4E56-ADB4-5879D98D3105}.Debug|ARM.ActiveCfg = Debug|Any CPU
		{12B06E45-12F5-4E56-ADB4-5879D98D3105}.Debug|ARM.Build.0 = Debug|Any CPU
		{12B06E45-12F5-4E56-ADB4-5879D98D3105}.Debug|iPhone.ActiveCfg = Debug|Any CPU
		{12B06E45-12F5-4E56-ADB4-5879D98D3105}.Debug|iPhone.Build.0 = Debug|Any CPU
		{12B06E45-12F5-4E56-ADB4-5879D98D3105}.Debug|iPhoneSimulator.ActiveCfg = Debug|Any CPU
		{12B06E45-12F5-4E56-ADB4-5879D98D3105}.Debug|iPhoneSimulator.Build.0 = Debug|Any CPU
		{12B06E45-12F5-4E56-ADB4-5879D98D3105}.Debug|x86.ActiveCfg = Debug|Any CPU
		{12B06E45-12F5-4E56-ADB4-5879D98D3105}.Debug|x86.Build.0 = Debug|Any CPU
		{12B06E45-12F5-4E56-ADB4-5879D98D3105}.Release|Any CPU.ActiveCfg = Release|Any CPU
		{12B06E45-12F5-4E56-ADB4-5879D98D3105}.Release|Any CPU.Build.0 = Release|Any CPU
		{12B06E45-12F5-4E56-ADB4-5879D98D3105}.Release|ARM.ActiveCfg = Release|Any CPU
		{12B06E45-12F5-4E56-ADB4-5879D98D3105}.Release|ARM.Build.0 = Release|Any CPU
		{12B06E45-12F5-4E56-ADB4-5879D98D3105}.Release|iPhone.ActiveCfg = Release|Any CPU
		{12B06E45-12F5-4E56-ADB4-5879D98D3105}.Release|iPhone.Build.0 = Release|Any CPU
		{12B06E45-12F5-4E56-ADB4-5879D98D3105}.Release|iPhoneSimulator.ActiveCfg = Release|Any CPU
		{12B06E45-12F5-4E56-ADB4-5879D98D3105}.Release|iPhoneSimulator.Build.0 = Release|Any CPU
		{12B06E45-12F5-4E56-ADB4-5879D98D3105}.Release|x86.ActiveCfg = Release|Any CPU
		{12B06E45-12F5-4E56-ADB4-5879D98D3105}.Release|x86.Build.0 = Release|Any CPU
	EndGlobalSection
	GlobalSection(SolutionProperties) = preSolution
		HideSolutionNode = FALSE
	EndGlobalSection
EndGlobal
